
Microsoft Visual Studio Solution File, Format Version 12.00
# Visual Studio Version 17
VisualStudioVersion = 17.0.32112.339
MinimumVisualStudioVersion = 10.0.40219.1
Project("{FAE04EC0-301F-11D3-BF4B-00C04F79EFBC}") = "ApiKeyAuthentication", "ApiKeyAuthentication\ApiKeyAuthentication.csproj", "{463C1748-E127-4F39-9608-1B50FC193DE0}"
EndProject
Global
	GlobalSection(SolutionConfigurationPlatforms) = preSolution
		Debug|Any CPU = Debug|Any CPU
		Release|Any CPU = Release|Any CPU
	EndGlobalSection
	GlobalSection(ProjectConfigurationPlatforms) = postSolution
		{463C1748-E127-4F39-9608-1B50FC193DE0}.Debug|Any CPU.ActiveCfg = Debug|Any CPU
		{463C1748-E127-4F39-9608-1B50FC193DE0}.Debug|Any CPU.Build.0 = Debug|Any CPU
		{463C1748-E127-4F39-9608-1B50FC193DE0}.Release|Any CPU.ActiveCfg = Release|Any CPU
		{463C1748-E127-4F39-9608-1B50FC193DE0}.Release|Any CPU.Build.0 = Release|Any CPU
	EndGlobalSection
	GlobalSection(SolutionProperties) = preSolution
		HideSolutionNode = FALSE
	EndGlobalSection
	GlobalSection(ExtensibilityGlobals) = postSolution
		SolutionGuid = {592BEE4B-636F-4A1E-9017-252486748AF4}
	EndGlobalSection
EndGlobal
